
Microsoft Visual Studio Solution File, Format Version 12.00
# Visual Studio Version 17
VisualStudioVersion = 17.12.35309.182
MinimumVisualStudioVersion = 10.0.40219.1
Project("{FAE04EC0-301F-11D3-BF4B-00C04F79EFBC}") = "Lesson11", "Lesson11.csproj", "{70CF218E-FEE7-49F8-ABF6-8F676D1B0FF1}"
EndProject
Project("{FAE04EC0-301F-11D3-BF4B-00C04F79EFBC}") = "DesctopClient", "..\DesctopClient\DesctopClient.csproj", "{9B72AC80-60DD-4F87-8A6D-6FAD68A28FDE}"
EndProject
Project("{FAE04EC0-301F-11D3-BF4B-00C04F79EFBC}") = "ClientTodoLibrary", "..\ClientTodoLibrary\ClientTodoLibrary.csproj", "{CB7AE147-6D57-4EFD-AC53-5D2261CE2D22}"
EndProject
Project("{FAE04EC0-301F-11D3-BF4B-00C04F79EFBC}") = "TodoServiceTests", "..\TodoServiceTests\TodoServiceTests.csproj", "{B542FB29-3547-425C-826B-692EE58884AD}"
EndProject
Global
	GlobalSection(SolutionConfigurationPlatforms) = preSolution
		Debug|Any CPU = Debug|Any CPU
		Release|Any CPU = Release|Any CPU
	EndGlobalSection
	GlobalSection(ProjectConfigurationPlatforms) = postSolution
		{70CF218E-FEE7-49F8-ABF6-8F676D1B0FF1}.Debug|Any CPU.ActiveCfg = Debug|Any CPU
		{70CF218E-FEE7-49F8-ABF6-8F676D1B0FF1}.Debug|Any CPU.Build.0 = Debug|Any CPU
		{70CF218E-FEE7-49F8-ABF6-8F676D1B0FF1}.Release|Any CPU.ActiveCfg = Release|Any CPU
		{70CF218E-FEE7-49F8-ABF6-8F676D1B0FF1}.Release|Any CPU.Build.0 = Release|Any CPU
		{9B72AC80-60DD-4F87-8A6D-6FAD68A28FDE}.Debug|Any CPU.ActiveCfg = Debug|Any CPU
		{9B72AC80-60DD-4F87-8A6D-6FAD68A28FDE}.Debug|Any CPU.Build.0 = Debug|Any CPU
		{9B72AC80-60DD-4F87-8A6D-6FAD68A28FDE}.Release|Any CPU.ActiveCfg = Release|Any CPU
		{9B72AC80-60DD-4F87-8A6D-6FAD68A28FDE}.Release|Any CPU.Build.0 = Release|Any CPU
		{CB7AE147-6D57-4EFD-AC53-5D2261CE2D22}.Debug|Any CPU.ActiveCfg = Debug|Any CPU
		{CB7AE147-6D57-4EFD-AC53-5D2261CE2D22}.Debug|Any CPU.Build.0 = Debug|Any CPU
		{CB7AE147-6D57-4EFD-AC53-5D2261CE2D22}.Release|Any CPU.ActiveCfg = Release|Any CPU
		{CB7AE147-6D57-4EFD-AC53-5D2261CE2D22}.Release|Any CPU.Build.0 = Release|Any CPU
		{B542FB29-3547-425C-826B-692EE58884AD}.Debug|Any CPU.ActiveCfg = Debug|Any CPU
		{B542FB29-3547-425C-826B-692EE58884AD}.Debug|Any CPU.Build.0 = Debug|Any CPU
		{B542FB29-3547-425C-826B-692EE58884AD}.Release|Any CPU.ActiveCfg = Release|Any CPU
		{B542FB29-3547-425C-826B-692EE58884AD}.Release|Any CPU.Build.0 = Release|Any CPU
	EndGlobalSection
	GlobalSection(SolutionProperties) = preSolution
		HideSolutionNode = FALSE
	EndGlobalSection
	GlobalSection(ExtensibilityGlobals) = postSolution
		SolutionGuid = {9DB34B11-2691-4778-A98D-5106C0CBA1CD}
	EndGlobalSection
EndGlobal
